<?xml version="1.0" encoding="utf-8"?>
<Project ToolsVersion="4.0" xmlns="http://schemas.microsoft.com/developer/msbuild/2003">
  <ItemGroup>
    <Filter Include="源文件">
      <UniqueIdentifier>{4FC737F1-C7A5-4376-A066-2A32D752A2FF}</UniqueIdentifier>
      <Extensions>cpp;c;cc;cxx;c++;cppm;ixx;def;odl;idl;hpj;bat;asm;asmx</Extensions>
    </Filter>
    <Filter Include="头文件">
      <UniqueIdentifier>{93995380-89BD-4b04-88EB-625FBE52EBFB}</UniqueIdentifier>
      <Extensions>h;hh;hpp;hxx;h++;hm;inl;inc;ipp;xsd</Extensions>
    </Filter>
    <Filter Include="资源文件">
      <UniqueIdentifier>{67DA6AB6-F800-4c08-8B7A-83BB121AAD01}</UniqueIdentifier>
      <Extensions>rc;ico;cur;bmp;dlg;rc2;rct;bin;rgs;gif;jpg;jpeg;jpe;resx;tiff;tif;png;wav;mfcribbon-ms</Extensions>
    </Filter>
    <Filter Include="engineFLAT">
      <UniqueIdentifier>{92b88971-d447-493c-920d-5b32ea2537f5}</UniqueIdentifier>
    </Filter>
    <Filter Include="engineFLAT\Header">
      <UniqueIdentifier>{78065022-eecd-422b-8c19-e9c429ba0c06}</UniqueIdentifier>
    </Filter>
    <Filter Include="engineFLAT\Source">
      <UniqueIdentifier>{1e7f5bf6-1f3c-419a-92d4-c02e4c0762f3}</UniqueIdentifier>
    </Filter>
  </ItemGroup>
  <ItemGroup>
    <ClCompile Include="main.cpp">
      <Filter>源文件</Filter>
    </ClCompile>
    <ClCompile Include="animation.cpp">
      <Filter>engineFLAT\Source</Filter>
    </ClCompile>
    <ClCompile Include="audio.cpp">
      <Filter>engineFLAT\Source</Filter>
    </ClCompile>
    <ClCompile Include="drawable.cpp">
      <Filter>engineFLAT\Source</Filter>
    </ClCompile>
    <ClCompile Include="gameplay.cpp">
      <Filter>engineFLAT\Source</Filter>
    </ClCompile>
    <ClCompile Include="shader.cpp">
      <Filter>engineFLAT\Source</Filter>
    </ClCompile>
    <ClCompile Include="..\3rdparty\glad_opengl3.3_core\src\glad.c">
      <Filter>源文件</Filter>
    </ClCompile>
  </ItemGroup>
  <ItemGroup>
    <ClInclude Include="animation.hpp">
      <Filter>engineFLAT\Header</Filter>
    </ClInclude>
    <ClInclude Include="audio.hpp">
      <Filter>engineFLAT\Header</Filter>
    </ClInclude>
    <ClInclude Include="drawable.hpp">
      <Filter>engineFLAT\Header</Filter>
    </ClInclude>
    <ClInclude Include="gameplay.hpp">
      <Filter>engineFLAT\Header</Filter>
    </ClInclude>
    <ClInclude Include="shader.hpp">
      <Filter>engineFLAT\Header</Filter>
    </ClInclude>
  </ItemGroup>
  <ItemGroup>
    <None Include="vertexshader.glsl" />
    <None Include="fragmentshader.glsl" />
  </ItemGroup>
</Project>